
Microsoft Visual Studio Solution File, Format Version 12.00
# Visual Studio Version 17
VisualStudioVersion = 17.5.33516.290
MinimumVisualStudioVersion = 10.0.40219.1
Project("{FAE04EC0-301F-11D3-BF4B-00C04F79EFBC}") = "BlackJack.Controller", "BlackJack.Controller\BlackJack.Controller.csproj", "{D272336C-283C-4EE0-B250-8634A22B1857}"
EndProject
Project("{FAE04EC0-301F-11D3-BF4B-00C04F79EFBC}") = "BlackJack.Controller.Tests", "BlackJack.Controller.Tests\BlackJack.Controller.Tests.csproj", "{47CCECBF-A02B-4FC5-89B1-F07631BEF599}"
EndProject
Project("{FAE04EC0-301F-11D3-BF4B-00C04F79EFBC}") = "BlackJack.UI", "BlackJack.UI\BlackJack.UI.csproj", "{97133A7F-6AAD-4E84-9277-701B910F136D}"
EndProject
Global
	GlobalSection(SolutionConfigurationPlatforms) = preSolution
		Debug|Any CPU = Debug|Any CPU
		Release|Any CPU = Release|Any CPU
	EndGlobalSection
	GlobalSection(ProjectConfigurationPlatforms) = postSolution
		{D272336C-283C-4EE0-B250-8634A22B1857}.Debug|Any CPU.ActiveCfg = Debug|Any CPU
		{D272336C-283C-4EE0-B250-8634A22B1857}.Debug|Any CPU.Build.0 = Debug|Any CPU
		{D272336C-283C-4EE0-B250-8634A22B1857}.Release|Any CPU.ActiveCfg = Release|Any CPU
		{D272336C-283C-4EE0-B250-8634A22B1857}.Release|Any CPU.Build.0 = Release|Any CPU
		{47CCECBF-A02B-4FC5-89B1-F07631BEF599}.Debug|Any CPU.ActiveCfg = Debug|Any CPU
		{47CCECBF-A02B-4FC5-89B1-F07631BEF599}.Debug|Any CPU.Build.0 = Debug|Any CPU
		{47CCECBF-A02B-4FC5-89B1-F07631BEF599}.Release|Any CPU.ActiveCfg = Release|Any CPU
		{47CCECBF-A02B-4FC5-89B1-F07631BEF599}.Release|Any CPU.Build.0 = Release|Any CPU
		{97133A7F-6AAD-4E84-9277-701B910F136D}.Debug|Any CPU.ActiveCfg = Debug|Any CPU
		{97133A7F-6AAD-4E84-9277-701B910F136D}.Debug|Any CPU.Build.0 = Debug|Any CPU
		{97133A7F-6AAD-4E84-9277-701B910F136D}.Release|Any CPU.ActiveCfg = Release|Any CPU
		{97133A7F-6AAD-4E84-9277-701B910F136D}.Release|Any CPU.Build.0 = Release|Any CPU
	EndGlobalSection
	GlobalSection(SolutionProperties) = preSolution
		HideSolutionNode = FALSE
	EndGlobalSection
	GlobalSection(ExtensibilityGlobals) = postSolution
		SolutionGuid = {91401F5E-E4C6-4574-B933-388A4C21C37C}
	EndGlobalSection
EndGlobal
